# Pinned, known-good on Apple Silicon / macOS 26 / Python 3.11 (pip freeze of the working pipeline venv).
# wordfreq (and its deps ftfy, langcodes, locate, msgpack, regex, wcwidth) replaced by lotgh_vo/data/wordlist_en.txt.gz.
# yt-dlp is installed separately and unpinned (it must track YouTube changes).
anyio==4.15.1
attrs==26.1.0
certifi
cffi==2.1.1
click==8.5.0
cloudpickle==3.1.2
demucs==4.1.0
dlinfo==2.0.0
einops==0.8.2
espeakng-loader==0.2.4
filelock==4.0.12
flatbuffers==25.12.19
fsspec==2026.9.0
h11==0.16.0
hf-xet==1.7.0
httpcore2==2.13.1
httpx2==2.13.1
huggingface_hub==2.2.0
idna==3.20
Jinja2==3.1.6
joblib==1.6.0
julius==0.2.8
kokoro-onnx==0.6.1
lameenc==1.8.4
MarkupSafe==3.0.4
mpmath==1.3.0
networkx==3.6.1
numpy==2.4.6
onnxruntime==1.31.0
opencv-python==5.0.0.93
opencv-python-headless==5.0.0.93
packaging==26.3
phonemizer==3.4.0
pillow==12.3.0
protobuf==7.36.2
pyclipper==1.4.0
pycparser==3.11
PyYAML==6.0.3
RapidFuzz==3.14.6
rapidocr-onnxruntime==1.2.3
safetensors==0.8.0
shapely==2.2.0
six==1.17.0
soundfile==0.14.0
sphn==0.2.1
sympy==1.14.0
torch==2.14.1
torchaudio==2.11.0
tqdm==4.70.1
truststore==0.10.4
typing_extensions==4.16.0
